// !$*UTF8*$!
{
	archiveVersion = 1;
	classes = {
	};
	objectVersion = 55;
	objects = {

/* Begin PBXBuildFile section */
		D0E9402A27A150B0005A2879 /* AppDelegate.swift in Sources */ = {isa = PBXBuildFile; fileRef = D0E9402927A150B0005A2879 /* AppDelegate.swift */; };
		D0E9402C27A150B0005A2879 /* SceneDelegate.swift in Sources */ = {isa = PBXBuildFile; fileRef = D0E9402B27A150B0005A2879 /* SceneDelegate.swift */; };
		D0E9402E27A150B0005A2879 /* MainScreenViewController.swift in Sources */ = {isa = PBXBuildFile; fileRef = D0E9402D27A150B0005A2879 /* MainScreenViewController.swift */; };
		D0E9403127A150B0005A2879 /* Main.storyboard in Resources */ = {isa = PBXBuildFile; fileRef = D0E9402F27A150B0005A2879 /* Main.storyboard */; };
		D0E9403327A150B1005A2879 /* Assets.xcassets in Resources */ = {isa = PBXBuildFile; fileRef = D0E9403227A150B1005A2879 /* Assets.xcassets */; };
		D0E9403627A150B1005A2879 /* LaunchScreen.storyboard in Resources */ = {isa = PBXBuildFile; fileRef = D0E9403427A150B1005A2879 /* LaunchScreen.storyboard */; };
		D0E9403F27A152C7005A2879 /* GameViewController.swift in Sources */ = {isa = PBXBuildFile; fileRef = D0E9403E27A152C7005A2879 /* GameViewController.swift */; };
		D0E9404427A15D38005A2879 /* UIViewOutline.swift in Sources */ = {isa = PBXBuildFile; fileRef = D0E9404327A15D38005A2879 /* UIViewOutline.swift */; };
		D0E9404827A18CA1005A2879 /* RecordsTableViewController.swift in Sources */ = {isa = PBXBuildFile; fileRef = D0E9404727A18CA1005A2879 /* RecordsTableViewController.swift */; };
		D0E9404B27A19BDD005A2879 /* Question.swift in Sources */ = {isa = PBXBuildFile; fileRef = D0E9404A27A19BDD005A2879 /* Question.swift */; };
		D0E9404E27A19CBE005A2879 /* QuestionsService.swift in Sources */ = {isa = PBXBuildFile; fileRef = D0E9404D27A19CBE005A2879 /* QuestionsService.swift */; };
		D0E9405027A19D55005A2879 /* questions.json in Resources */ = {isa = PBXBuildFile; fileRef = D0E9404F27A19D55005A2879 /* questions.json */; };
		D0E9405227A28F48005A2879 /* Record.swift in Sources */ = {isa = PBXBuildFile; fileRef = D0E9405127A28F48005A2879 /* Record.swift */; };
/* End PBXBuildFile section */

/* Begin PBXFileReference section */
		D0E9402627A150B0005A2879 /* Wannabe-Millionaire.app */ = {isa = PBXFileReference; explicitFileType = wrapper.application; includeInIndex = 0; path = "Wannabe-Millionaire.app"; sourceTree = BUILT_PRODUCTS_DIR; };
		D0E9402927A150B0005A2879 /* AppDelegate.swift */ = {isa = PBXFileReference; lastKnownFileType = sourcecode.swift; path = AppDelegate.swift; sourceTree = "<group>"; };
		D0E9402B27A150B0005A2879 /* SceneDelegate.swift */ = {isa = PBXFileReference; lastKnownFileType = sourcecode.swift; path = SceneDelegate.swift; sourceTree = "<group>"; };
		D0E9402D27A150B0005A2879 /* MainScreenViewController.swift */ = {isa = PBXFileReference; lastKnownFileType = sourcecode.swift; path = MainScreenViewController.swift; sourceTree = "<group>"; };
		D0E9403027A150B0005A2879 /* Base */ = {isa = PBXFileReference; lastKnownFileType = file.storyboard; name = Base; path = Base.lproj/Main.storyboard; sourceTree = "<group>"; };
		D0E9403227A150B1005A2879 /* Assets.xcassets */ = {isa = PBXFileReference; lastKnownFileType = folder.assetcatalog; path = Assets.xcassets; sourceTree = "<group>"; };
		D0E9403527A150B1005A2879 /* Base */ = {isa = PBXFileReference; lastKnownFileType = file.storyboard; name = Base; path = Base.lproj/LaunchScreen.storyboard; sourceTree = "<group>"; };
		D0E9403727A150B1005A2879 /* Info.plist */ = {isa = PBXFileReference; lastKnownFileType = text.plist.xml; path = Info.plist; sourceTree = "<group>"; };
		D0E9403E27A152C7005A2879 /* GameViewController.swift */ = {isa = PBXFileReference; lastKnownFileType = sourcecode.swift; path = GameViewController.swift; sourceTree = "<group>"; };
		D0E9404327A15D38005A2879 /* UIViewOutline.swift */ = {isa = PBXFileReference; lastKnownFileType = sourcecode.swift; path = UIViewOutline.swift; sourceTree = "<group>"; };
		D0E9404727A18CA1005A2879 /* RecordsTableViewController.swift */ = {isa = PBXFileReference; lastKnownFileType = sourcecode.swift; path = RecordsTableViewController.swift; sourceTree = "<group>"; };
		D0E9404A27A19BDD005A2879 /* Question.swift */ = {isa = PBXFileReference; lastKnownFileType = sourcecode.swift; path = Question.swift; sourceTree = "<group>"; };
		D0E9404D27A19CBE005A2879 /* QuestionsService.swift */ = {isa = PBXFileReference; lastKnownFileType = sourcecode.swift; path = QuestionsService.swift; sourceTree = "<group>"; };
		D0E9404F27A19D55005A2879 /* questions.json */ = {isa = PBXFileReference; lastKnownFileType = text.json; path = questions.json; sourceTree = "<group>"; };
		D0E9405127A28F48005A2879 /* Record.swift */ = {isa = PBXFileReference; lastKnownFileType = sourcecode.swift; path = Record.swift; sourceTree = "<group>"; };
/* End PBXFileReference section */

/* Begin PBXFrameworksBuildPhase section */
		D0E9402327A150B0005A2879 /* Frameworks */ = {
			isa = PBXFrameworksBuildPhase;
			buildActionMask = 2147483647;
			files = (
			);
			runOnlyForDeploymentPostprocessing = 0;
		};
/* End PBXFrameworksBuildPhase section */

/* Begin PBXGroup section */
		D0E9401D27A150B0005A2879 = {
			isa = PBXGroup;
			children = (
				D0E9402827A150B0005A2879 /* Wannabe-Millionaire */,
				D0E9402727A150B0005A2879 /* Products */,
			);
			sourceTree = "<group>";
		};
		D0E9402727A150B0005A2879 /* Products */ = {
			isa = PBXGroup;
			children = (
				D0E9402627A150B0005A2879 /* Wannabe-Millionaire.app */,
			);
			name = Products;
			sourceTree = "<group>";
		};
		D0E9402827A150B0005A2879 /* Wannabe-Millionaire */ = {
			isa = PBXGroup;
			children = (
				D0E9404C27A19CAB005A2879 /* Helpers */,
				D0E9404927A19BC7005A2879 /* Models */,
				D0E9404027A15642005A2879 /* Extensions */,
				D0E9403D27A152A1005A2879 /* Controllers */,
				D0E9402927A150B0005A2879 /* AppDelegate.swift */,
				D0E9402B27A150B0005A2879 /* SceneDelegate.swift */,
				D0E9402F27A150B0005A2879 /* Main.storyboard */,
				D0E9403227A150B1005A2879 /* Assets.xcassets */,
				D0E9403427A150B1005A2879 /* LaunchScreen.storyboard */,
				D0E9403727A150B1005A2879 /* Info.plist */,
			);
			path = "Wannabe-Millionaire";
			sourceTree = "<group>";
		};
		D0E9403D27A152A1005A2879 /* Controllers */ = {
			isa = PBXGroup;
			children = (
				D0E9402D27A150B0005A2879 /* MainScreenViewController.swift */,
				D0E9403E27A152C7005A2879 /* GameViewController.swift */,
				D0E9404727A18CA1005A2879 /* RecordsTableViewController.swift */,
			);
			path = Controllers;
			sourceTree = "<group>";
		};
		D0E9404027A15642005A2879 /* Extensions */ = {
			isa = PBXGroup;
			children = (
				D0E9404327A15D38005A2879 /* UIViewOutline.swift */,
			);
			path = Extensions;
			sourceTree = "<group>";
		};
		D0E9404927A19BC7005A2879 /* Models */ = {
			isa = PBXGroup;
			children = (
				D0E9404A27A19BDD005A2879 /* Question.swift */,
				D0E9405127A28F48005A2879 /* Record.swift */,
			);
			path = Models;
			sourceTree = "<group>";
		};
		D0E9404C27A19CAB005A2879 /* Helpers */ = {
			isa = PBXGroup;
			children = (
				D0E9404D27A19CBE005A2879 /* QuestionsService.swift */,
				D0E9404F27A19D55005A2879 /* questions.json */,
			);
			path = Helpers;
			sourceTree = "<group>";
		};
/* End PBXGroup section */

/* Begin PBXNativeTarget section */
		D0E9402527A150B0005A2879 /* Wannabe-Millionaire */ = {
			isa = PBXNativeTarget;
			buildConfigurationList = D0E9403A27A150B1005A2879 /* Build configuration list for PBXNativeTarget "Wannabe-Millionaire" */;
			buildPhases = (
				D0E9402227A150B0005A2879 /* Sources */,
				D0E9402327A150B0005A2879 /* Frameworks */,
				D0E9402427A150B0005A2879 /* Resources */,
			);
			buildRules = (
			);
			dependencies = (
			);
			name = "Wannabe-Millionaire";
			productName = "Wannabe-Millionaire";
			productReference = D0E9402627A150B0005A2879 /* Wannabe-Millionaire.app */;
			productType = "com.apple.product-type.application";
		};
/* End PBXNativeTarget section */

/* Begin PBXProject section */
		D0E9401E27A150B0005A2879 /* Project object */ = {
			isa = PBXProject;
			attributes = {
				BuildIndependentTargetsInParallel = 1;
				LastSwiftUpdateCheck = 1310;
				LastUpgradeCheck = 1310;
				TargetAttributes = {
					D0E9402527A150B0005A2879 = {
						CreatedOnToolsVersion = 13.1;
					};
				};
			};
			buildConfigurationList = D0E9402127A150B0005A2879 /* Build configuration list for PBXProject "Wannabe-Millionaire" */;
			compatibilityVersion = "Xcode 13.0";
			developmentRegion = en;
			hasScannedForEncodings = 0;
			knownRegions = (
				en,
				Base,
			);
			mainGroup = D0E9401D27A150B0005A2879;
			productRefGroup = D0E9402727A150B0005A2879 /* Products */;
			projectDirPath = "";
			projectRoot = "";
			targets = (
				D0E9402527A150B0005A2879 /* Wannabe-Millionaire */,
			);
		};
/* End PBXProject section */

/* Begin PBXResourcesBuildPhase section */
		D0E9402427A150B0005A2879 /* Resources */ = {
			isa = PBXResourcesBuildPhase;
			buildActionMask = 2147483647;
			files = (
				D0E9403627A150B1005A2879 /* LaunchScreen.storyboard in Resources */,
				D0E9405027A19D55005A2879 /* questions.json in Resources */,
				D0E9403327A150B1005A2879 /* Assets.xcassets in Resources */,
				D0E9403127A150B0005A2879 /* Main.storyboard in Resources */,
			);
			runOnlyForDeploymentPostprocessing = 0;
		};
/* End PBXResourcesBuildPhase section */

/* Begin PBXSourcesBuildPhase section */
		D0E9402227A150B0005A2879 /* Sources */ = {
			isa = PBXSourcesBuildPhase;
			buildActionMask = 2147483647;
			files = (
				D0E9404827A18CA1005A2879 /* RecordsTableViewController.swift in Sources */,
				D0E9403F27A152C7005A2879 /* GameViewController.swift in Sources */,
				D0E9405227A28F48005A2879 /* Record.swift in Sources */,
				D0E9404427A15D38005A2879 /* UIViewOutline.swift in Sources */,
				D0E9402E27A150B0005A2879 /* MainScreenViewController.swift in Sources */,
				D0E9402A27A150B0005A2879 /* AppDelegate.swift in Sources */,
				D0E9404E27A19CBE005A2879 /* QuestionsService.swift in Sources */,
				D0E9404B27A19BDD005A2879 /* Question.swift in Sources */,
				D0E9402C27A150B0005A2879 /* SceneDelegate.swift in Sources */,
			);
			runOnlyForDeploymentPostprocessing = 0;
		};
/* End PBXSourcesBuildPhase section */

/* Begin PBXVariantGroup section */
		D0E9402F27A150B0005A2879 /* Main.storyboard */ = {
			isa = PBXVariantGroup;
			children = (
				D0E9403027A150B0005A2879 /* Base */,
			);
			name = Main.storyboard;
			sourceTree = "<group>";
		};
		D0E9403427A150B1005A2879 /* LaunchScreen.storyboard */ = {
			isa = PBXVariantGroup;
			children = (
				D0E9403527A150B1005A2879 /* Base */,
			);
			name = LaunchScreen.storyboard;
			sourceTree = "<group>";
		};
/* End PBXVariantGroup section */

/* Begin XCBuildConfiguration section */
		D0E9403827A150B1005A2879 /* Debug */ = {
			isa = XCBuildConfiguration;
			buildSettings = {
				ALWAYS_SEARCH_USER_PATHS = NO;
				CLANG_ANALYZER_NONNULL = YES;
				CLANG_ANALYZER_NUMBER_OBJECT_CONVERSION = YES_AGGRESSIVE;
				CLANG_CXX_LANGUAGE_STANDARD = "gnu++17";
				CLANG_CXX_LIBRARY = "libc++";
				CLANG_ENABLE_MODULES = YES;
				CLANG_ENABLE_OBJC_ARC = YES;
				CLANG_ENABLE_OBJC_WEAK = YES;
				CLANG_WARN_BLOCK_CAPTURE_AUTORELEASING = YES;
				CLANG_WARN_BOOL_CONVERSION = YES;
				CLANG_WARN_COMMA = YES;
				CLANG_WARN_CONSTANT_CONVERSION = YES;
				CLANG_WARN_DEPRECATED_OBJC_IMPLEMENTATIONS = YES;
				CLANG_WARN_DIRECT_OBJC_ISA_USAGE = YES_ERROR;
				CLANG_WARN_DOCUMENTATION_COMMENTS = YES;
				CLANG_WARN_EMPTY_BODY = YES;
				CLANG_WARN_ENUM_CONVERSION = YES;
				CLANG_WARN_INFINITE_RECURSION = YES;
				CLANG_WARN_INT_CONVERSION = YES;
				CLANG_WARN_NON_LITERAL_NULL_CONVERSION = YES;
				CLANG_WARN_OBJC_IMPLICIT_RETAIN_SELF = YES;
				CLANG_WARN_OBJC_LITERAL_CONVERSION = YES;
				CLANG_WARN_OBJC_ROOT_CLASS = YES_ERROR;
				CLANG_WARN_QUOTED_INCLUDE_IN_FRAMEWORK_HEADER = YES;
				CLANG_WARN_RANGE_LOOP_ANALYSIS = YES;
				CLANG_WARN_STRICT_PROTOTYPES = YES;
				CLANG_WARN_SUSPICIOUS_MOVE = YES;
				CLANG_WARN_UNGUARDED_AVAILABILITY = YES_AGGRESSIVE;
				CLANG_WARN_UNREACHABLE_CODE = YES;
				CLANG_WARN__DUPLICATE_METHOD_MATCH = YES;
				COPY_PHASE_STRIP = NO;
				DEBUG_INFORMATION_FORMAT = dwarf;
				ENABLE_STRICT_OBJC_MSGSEND = YES;
				ENABLE_TESTABILITY = YES;
				GCC_C_LANGUAGE_STANDARD = gnu11;
				GCC_DYNAMIC_NO_PIC = NO;
				GCC_NO_COMMON_BLOCKS = YES;
				GCC_OPTIMIZATION_LEVEL = 0;
				GCC_PREPROCESSOR_DEFINITIONS = (
					"DEBUG=1",
					"$(inherited)",
				);
				GCC_WARN_64_TO_32_BIT_CONVERSION = YES;
				GCC_WARN_ABOUT_RETURN_TYPE = YES_ERROR;
				GCC_WARN_UNDECLARED_SELECTOR = YES;
				GCC_WARN_UNINITIALIZED_AUTOS = YES_AGGRESSIVE;
				GCC_WARN_UNUSED_FUNCTION = YES;
				GCC_WARN_UNUSED_VARIABLE = YES;
				IPHONEOS_DEPLOYMENT_TARGET = 15.0;
				MTL_ENABLE_DEBUG_INFO = INCLUDE_SOURCE;
				MTL_FAST_MATH = YES;
				ONLY_ACTIVE_ARCH = YES;
				SDKROOT = iphoneos;
				SWIFT_ACTIVE_COMPILATION_CONDITIONS = DEBUG;
				SWIFT_OPTIMIZATION_LEVEL = "-Onone";
			};
			name = Debug;
		};
		D0E9403927A150B1005A2879 /* Release */ = {
			isa = XCBuildConfiguration;
			buildSettings = {
				ALWAYS_SEARCH_USER_PATHS = NO;
				CLANG_ANALYZER_NONNULL = YES;
				CLANG_ANALYZER_NUMBER_OBJECT_CONVERSION = YES_AGGRESSIVE;
				CLANG_CXX_LANGUAGE_STANDARD = "gnu++17";
				CLANG_CXX_LIBRARY = "libc++";
				CLANG_ENABLE_MODULES = YES;
				CLANG_ENABLE_OBJC_ARC = YES;
				CLANG_ENABLE_OBJC_WEAK = YES;
				CLANG_WARN_BLOCK_CAPTURE_AUTORELEASING = YES;
				CLANG_WARN_BOOL_CONVERSION = YES;
				CLANG_WARN_COMMA = YES;
				CLANG_WARN_CONSTANT_CONVERSION = YES;
				CLANG_WARN_DEPRECATED_OBJC_IMPLEMENTATIONS = YES;
				CLANG_WARN_DIRECT_OBJC_ISA_USAGE = YES_ERROR;
				CLANG_WARN_DOCUMENTATION_COMMENTS = YES;
				CLANG_WARN_EMPTY_BODY = YES;
				CLANG_WARN_ENUM_CONVERSION = YES;
				CLANG_WARN_INFINITE_RECURSION = YES;
				CLANG_WARN_INT_CONVERSION = YES;
				CLANG_WARN_NON_LITERAL_NULL_CONVERSION = YES;
				CLANG_WARN_OBJC_IMPLICIT_RETAIN_SELF = YES;
				CLANG_WARN_OBJC_LITERAL_CONVERSION = YES;
				CLANG_WARN_OBJC_ROOT_CLASS = YES_ERROR;
				CLANG_WARN_QUOTED_INCLUDE_IN_FRAMEWORK_HEADER = YES;
				CLANG_WARN_RANGE_LOOP_ANALYSIS = YES;
				CLANG_WARN_STRICT_PROTOTYPES = YES;
				CLANG_WARN_SUSPICIOUS_MOVE = YES;
				CLANG_WARN_UNGUARDED_AVAILABILITY = YES_AGGRESSIVE;
				CLANG_WARN_UNREACHABLE_CODE = YES;
				CLANG_WARN__DUPLICATE_METHOD_MATCH = YES;
				COPY_PHASE_STRIP = NO;
				DEBUG_INFORMATION_FORMAT = "dwarf-with-dsym";
				ENABLE_NS_ASSERTIONS = NO;
				ENABLE_STRICT_OBJC_MSGSEND = YES;
				GCC_C_LANGUAGE_STANDARD = gnu11;
				GCC_NO_COMMON_BLOCKS = YES;
				GCC_WARN_64_TO_32_BIT_CONVERSION = YES;
				GCC_WARN_ABOUT_RETURN_TYPE = YES_ERROR;
				GCC_WARN_UNDECLARED_SELECTOR = YES;
				GCC_WARN_UNINITIALIZED_AUTOS = YES_AGGRESSIVE;
				GCC_WARN_UNUSED_FUNCTION = YES;
				GCC_WARN_UNUSED_VARIABLE = YES;
				IPHONEOS_DEPLOYMENT_TARGET = 15.0;
				MTL_ENABLE_DEBUG_INFO = NO;
				MTL_FAST_MATH = YES;
				SDKROOT = iphoneos;
				SWIFT_COMPILATION_MODE = wholemodule;
				SWIFT_OPTIMIZATION_LEVEL = "-O";
				VALIDATE_PRODUCT = YES;
			};
			name = Release;
		};
		D0E9403B27A150B1005A2879 /* Debug */ = {
			isa = XCBuildConfiguration;
			buildSettings = {
				ASSETCATALOG_COMPILER_APPICON_NAME = AppIcon;
				ASSETCATALOG_COMPILER_GLOBAL_ACCENT_COLOR_NAME = AccentColor;
				CODE_SIGN_STYLE = Automatic;
				CURRENT_PROJECT_VERSION = 1;
				DEVELOPMENT_TEAM = LSA8V5M5Q4;
				GENERATE_INFOPLIST_FILE = YES;
				INFOPLIST_FILE = "Wannabe-Millionaire/Info.plist";
				INFOPLIST_KEY_UIApplicationSupportsIndirectInputEvents = YES;
				INFOPLIST_KEY_UILaunchStoryboardName = LaunchScreen;
				INFOPLIST_KEY_UIMainStoryboardFile = Main;
				INFOPLIST_KEY_UISupportedInterfaceOrientations_iPad = "UIInterfaceOrientationPortrait UIInterfaceOrientationPortraitUpsideDown UIInterfaceOrientationLandscapeLeft UIInterfaceOrientationLandscapeRight";
				INFOPLIST_KEY_UISupportedInterfaceOrientations_iPhone = "UIInterfaceOrientationPortrait UIInterfaceOrientationLandscapeLeft UIInterfaceOrientationLandscapeRight";
				LD_RUNPATH_SEARCH_PATHS = (
					"$(inherited)",
					"@executable_path/Frameworks",
				);
				MARKETING_VERSION = 1.0;
				PRODUCT_BUNDLE_IDENTIFIER = "Denis-Sizov.Wannabe-Millionaire";
				PRODUCT_NAME = "$(TARGET_NAME)";
				SWIFT_EMIT_LOC_STRINGS = YES;
				SWIFT_VERSION = 5.0;
				TARGETED_DEVICE_FAMILY = "1,2";
			};
			name = Debug;
		};
		D0E9403C27A150B1005A2879 /* Release */ = {
			isa = XCBuildConfiguration;
			buildSettings = {
				ASSETCATALOG_COMPILER_APPICON_NAME = AppIcon;
				ASSETCATALOG_COMPILER_GLOBAL_ACCENT_COLOR_NAME = AccentColor;
				CODE_SIGN_STYLE = Automatic;
				CURRENT_PROJECT_VERSION = 1;
				DEVELOPMENT_TEAM = LSA8V5M5Q4;
				GENERATE_INFOPLIST_FILE = YES;
				INFOPLIST_FILE = "Wannabe-Millionaire/Info.plist";
				INFOPLIST_KEY_UIApplicationSupportsIndirectInputEvents = YES;
				INFOPLIST_KEY_UILaunchStoryboardName = LaunchScreen;
				INFOPLIST_KEY_UIMainStoryboardFile = Main;
				INFOPLIST_KEY_UISupportedInterfaceOrientations_iPad = "UIInterfaceOrientationPortrait UIInterfaceOrientationPortraitUpsideDown UIInterfaceOrientationLandscapeLeft UIInterfaceOrientationLandscapeRight";
				INFOPLIST_KEY_UISupportedInterfaceOrientations_iPhone = "UIInterfaceOrientationPortrait UIInterfaceOrientationLandscapeLeft UIInterfaceOrientationLandscapeRight";
				LD_RUNPATH_SEARCH_PATHS = (
					"$(inherited)",
					"@executable_path/Frameworks",
				);
				MARKETING_VERSION = 1.0;
				PRODUCT_BUNDLE_IDENTIFIER = "Denis-Sizov.Wannabe-Millionaire";
				PRODUCT_NAME = "$(TARGET_NAME)";
				SWIFT_EMIT_LOC_STRINGS = YES;
				SWIFT_VERSION = 5.0;
				TARGETED_DEVICE_FAMILY = "1,2";
			};
			name = Release;
		};
/* End XCBuildConfiguration section */

/* Begin XCConfigurationList section */
		D0E9402127A150B0005A2879 /* Build configuration list for PBXProject "Wannabe-Millionaire" */ = {
			isa = XCConfigurationList;
			buildConfigurations = (
				D0E9403827A150B1005A2879 /* Debug */,
				D0E9403927A150B1005A2879 /* Release */,
			);
			defaultConfigurationIsVisible = 0;
			defaultConfigurationName = Release;
		};
		D0E9403A27A150B1005A2879 /* Build configuration list for PBXNativeTarget "Wannabe-Millionaire" */ = {
			isa = XCConfigurationList;
			buildConfigurations = (
				D0E9403B27A150B1005A2879 /* Debug */,
				D0E9403C27A150B1005A2879 /* Release */,
			);
			defaultConfigurationIsVisible = 0;
			defaultConfigurationName = Release;
		};
/* End XCConfigurationList section */
	};
	rootObject = D0E9401E27A150B0005A2879 /* Project object */;
}
